{
  "requires": true,
  "lockfileVersion": 1,
  "dependencies": {
    "@types/bson": {
      "version": "1.0.8",
      "resolved": "https://registry.npmjs.org/@types/bson/-/bson-1.0.8.tgz",
      "integrity": "sha512-PMa4nkRhLaqwsXQDDTzGbTyCIpej0ERznyAP9fyuGnlsmUbcC4Y25mdqjibYjkOPNyK/BWWUKneruaKHcS3Q8g==",
      "requires": {
        "@types/node": "*"
      }
    },
    "@types/events": {
      "version": "1.2.0",
      "resolved": "https://registry.npmjs.org/@types/events/-/events-1.2.0.tgz",
      "integrity": "sha512-KEIlhXnIutzKwRbQkGWb/I4HFqBuUykAdHgDED6xqwXJfONCjF5VoE0cXEiurh3XauygxzeDzgtXUqvLkxFzzA=="
    },
    "@types/mongodb": {
      "version": "3.0.19",
      "resolved": "https://registry.npmjs.org/@types/mongodb/-/mongodb-3.0.19.tgz",
      "integrity": "sha512-KK30PZmGuCqSJQgb3tozzjy5hpQswMsAuqkO+T8vCUh9bSz1sZGx1nAOu79IzVNh2vBy1Xj46vk4A0PUHN5yBg==",
      "requires": {
        "@types/bson": "*",
        "@types/events": "*",
        "@types/node": "*"
      }
    },
    "@types/mongoose": {
      "version": "5.0.15",
      "resolved": "https://registry.npmjs.org/@types/mongoose/-/mongoose-5.0.15.tgz",
      "integrity": "sha512-VnP+gtrPvLILw+dt+g8W0hUU5mnAKS9qFdH5d4ltx/5elx6UUmiarVQtjOVPPeHog5NdOcoYl2SB0nI/SYwmHw==",
      "requires": {
        "@types/events": "*",
        "@types/mongodb": "*",
        "@types/node": "*"
      }
    },
    "@types/node": {
      "version": "10.3.0",
      "resolved": "https://registry.npmjs.org/@types/node/-/node-10.3.0.tgz",
      "integrity": "sha512-hWzNviaVFIr1TqcRA8ou49JaSHp+Rfabmnqg2kNvusKqLhPU0rIsGPUj5WJJ7ld4Bb7qdgLmIhLfCD1qS08IVA=="
    }
  }
}
